
Microsoft Visual Studio Solution File, Format Version 12.00
# Visual Studio 2012
VisualStudioVersion = 12.0.31101.0
MinimumVisualStudioVersion = 10.0.40219.1
Project("{2150E333-8FDC-42A3-9474-1A3956D46DE8}") = "Classic", "Classic", "{34576B00-E056-4EC7-85D1-A9F34EBCD494}"
EndProject
Project("{FAE04EC0-301F-11D3-BF4B-00C04F79EFBC}") = "EightBall.Droid", "EightBall.Droid\EightBall.Droid.csproj", "{B02EC8D3-416C-48E1-BE00-9A58F6D5B3B3}"
EndProject
Project("{FAE04EC0-301F-11D3-BF4B-00C04F79EFBC}") = "EightBall.iOS", "EightBall.iOS\EightBall.iOS.csproj", "{B7F81FA8-0ECB-4CBE-947F-4C94B0BDFE99}"
EndProject
Project("{FAE04EC0-301F-11D3-BF4B-00C04F79EFBC}") = "EightBall.WP8", "EightBall.WP8\EightBall.WP8.csproj", "{FC5179F7-B20F-4D6C-891A-EEB53B7FC29F}"
EndProject
Project("{2150E333-8FDC-42A3-9474-1A3956D46DE8}") = "AppleWatch", "AppleWatch", "{5218E642-CC01-4FF7-8AC3-D2DC32E1242F}"
EndProject
Project("{FAE04EC0-301F-11D3-BF4B-00C04F79EFBC}") = "EightBall.WatchApp.WApp", "EightBall.WatchApp\EightBall.WatchApp.WApp\EightBall.WatchApp.WApp.csproj", "{5503270F-A1FA-4C82-B2A9-FA83EEEAABA9}"
EndProject
Project("{FAE04EC0-301F-11D3-BF4B-00C04F79EFBC}") = "EightBall.WatchApp.WKExtension", "EightBall.WatchApp\EightBall.WatchApp.WKExtension\EightBall.WatchApp.WKExtension.csproj", "{7D1ABCE2-88A1-424C-A0A9-3B01966142B8}"
EndProject
Project("{2150E333-8FDC-42A3-9474-1A3956D46DE8}") = "AndroidWear", "AndroidWear", "{5A96CC3B-379B-48A7-9E68-9070A82E889A}"
EndProject
Project("{FAE04EC0-301F-11D3-BF4B-00C04F79EFBC}") = "EightBall.AndroidWear", "EightBall.AndroidWear\EightBall.AndroidWear.csproj", "{8D989C07-9002-4EA8-85F8-83457C978C66}"
EndProject
Project("{2150E333-8FDC-42A3-9474-1A3956D46DE8}") = "Xamarin Forms", "Xamarin Forms", "{02F01DBE-A829-44EF-A478-976C073CE3C4}"
EndProject
Project("{FAE04EC0-301F-11D3-BF4B-00C04F79EFBC}") = "EightBall.Forms", "EightBall.Forms\EightBall.Forms\EightBall.Forms.csproj", "{F5D6551E-6721-465A-B35F-06246D2625E2}"
EndProject
Project("{FAE04EC0-301F-11D3-BF4B-00C04F79EFBC}") = "EightBall.Forms.iOS", "EightBall.Forms\EightBall.Forms.iOS\EightBall.Forms.iOS.csproj", "{FEF75F19-06FD-4081-AFD1-38242659B333}"
EndProject
Project("{FAE04EC0-301F-11D3-BF4B-00C04F79EFBC}") = "EightBall.Forms.Droid", "EightBall.Forms\EightBall.Forms.Droid\EightBall.Forms.Droid.csproj", "{2B1A656E-03D7-409B-AC5B-1D9C22384E3C}"
EndProject
Project("{FAE04EC0-301F-11D3-BF4B-00C04F79EFBC}") = "EightBall.Forms.WinPhone", "EightBall.Forms\EightBall.Forms.WinPhone\EightBall.Forms.WinPhone.csproj", "{72833E97-7662-43D2-960D-31AFC42ED8BE}"
EndProject
Project("{2150E333-8FDC-42A3-9474-1A3956D46DE8}") = "AppleWatch", "AppleWatch", "{B3368F38-D6D1-4912-831A-2A497CE0A967}"
EndProject
Project("{FAE04EC0-301F-11D3-BF4B-00C04F79EFBC}") = "EightBall.Forms.WatchApp.WApp", "EightBall.Forms.WatchApp\EightBall.Forms.WatchApp.WApp\EightBall.Forms.WatchApp.WApp.csproj", "{537B1BDD-06D2-4BDC-9A0A-4876886ADFA4}"
EndProject
Project("{FAE04EC0-301F-11D3-BF4B-00C04F79EFBC}") = "EightBall.Forms.WatchApp.WKExtension", "EightBall.Forms.WatchApp\EightBall.Forms.WatchApp.WKExtension\EightBall.Forms.WatchApp.WKExtension.csproj", "{F924C9C9-E3ED-4D05-83FB-91F12646273A}"
EndProject
Project("{2150E333-8FDC-42A3-9474-1A3956D46DE8}") = "PCL", "PCL", "{827E2C6C-5ADC-40E2-A428-701A92CC194C}"
EndProject
Project("{FAE04EC0-301F-11D3-BF4B-00C04F79EFBC}") = "EightBall.PCL", "EightBall.PCL\EightBall.PCL.csproj", "{517441CC-4F18-4F6E-9E69-B09732865873}"
EndProject
Global
	GlobalSection(SolutionConfigurationPlatforms) = preSolution
		Ad-Hoc|Any CPU = Ad-Hoc|Any CPU
		Ad-Hoc|ARM = Ad-Hoc|ARM
		Ad-Hoc|iPhone = Ad-Hoc|iPhone
		Ad-Hoc|iPhoneSimulator = Ad-Hoc|iPhoneSimulator
		Ad-Hoc|Mixed Platforms = Ad-Hoc|Mixed Platforms
		Ad-Hoc|x86 = Ad-Hoc|x86
		AppStore|Any CPU = AppStore|Any CPU
		AppStore|ARM = AppStore|ARM
		AppStore|iPhone = AppStore|iPhone
		AppStore|iPhoneSimulator = AppStore|iPhoneSimulator
		AppStore|Mixed Platforms = AppStore|Mixed Platforms
		AppStore|x86 = AppStore|x86
		Debug|Any CPU = Debug|Any CPU
		Debug|ARM = Debug|ARM
		Debug|iPhone = Debug|iPhone
		Debug|iPhoneSimulator = Debug|iPhoneSimulator
		Debug|Mixed Platforms = Debug|Mixed Platforms
		Debug|x86 = Debug|x86
		Release|Any CPU = Release|Any CPU
		Release|ARM = Release|ARM
		Release|iPhone = Release|iPhone
		Release|iPhoneSimulator = Release|iPhoneSimulator
		Release|Mixed Platforms = Release|Mixed Platforms
		Release|x86 = Release|x86
	EndGlobalSection
	GlobalSection(ProjectConfigurationPlatforms) = postSolution
		{2B1A656E-03D7-409B-AC5B-1D9C22384E3C}.Ad-Hoc|Any CPU.ActiveCfg = Release|Any CPU
		{2B1A656E-03D7-409B-AC5B-1D9C22384E3C}.Ad-Hoc|Any CPU.Build.0 = Release|Any CPU
		{2B1A656E-03D7-409B-AC5B-1D9C22384E3C}.Ad-Hoc|Any CPU.Deploy.0 = Release|Any CPU
		{2B1A656E-03D7-409B-AC5B-1D9C22384E3C}.Ad-Hoc|ARM.ActiveCfg = Release|Any CPU
		{2B1A656E-03D7-409B-AC5B-1D9C22384E3C}.Ad-Hoc|iPhone.ActiveCfg = Release|Any CPU
		{2B1A656E-03D7-409B-AC5B-1D9C22384E3C}.Ad-Hoc|iPhoneSimulator.ActiveCfg = Release|Any CPU
		{2B1A656E-03D7-409B-AC5B-1D9C22384E3C}.Ad-Hoc|Mixed Platforms.ActiveCfg = Release|Any CPU
		{2B1A656E-03D7-409B-AC5B-1D9C22384E3C}.Ad-Hoc|Mixed Platforms.Build.0 = Release|Any CPU
		{2B1A656E-03D7-409B-AC5B-1D9C22384E3C}.Ad-Hoc|Mixed Platforms.Deploy.0 = Release|Any CPU
		{2B1A656E-03D7-409B-AC5B-1D9C22384E3C}.Ad-Hoc|x86.ActiveCfg = Release|Any CPU
		{2B1A656E-03D7-409B-AC5B-1D9C22384E3C}.AppStore|Any CPU.ActiveCfg = Release|Any CPU
		{2B1A656E-03D7-409B-AC5B-1D9C22384E3C}.AppStore|Any CPU.Build.0 = Release|Any CPU
		{2B1A656E-03D7-409B-AC5B-1D9C22384E3C}.AppStore|Any CPU.Deploy.0 = Release|Any CPU
		{2B1A656E-03D7-409B-AC5B-1D9C22384E3C}.AppStore|ARM.ActiveCfg = Release|Any CPU
		{2B1A656E-03D7-409B-AC5B-1D9C22384E3C}.AppStore|iPhone.ActiveCfg = Release|Any CPU
		{2B1A656E-03D7-409B-AC5B-1D9C22384E3C}.AppStore|iPhoneSimulator.ActiveCfg = Release|Any CPU
		{2B1A656E-03D7-409B-AC5B-1D9C22384E3C}.AppStore|Mixed Platforms.ActiveCfg = Release|Any CPU
		{2B1A656E-03D7-409B-AC5B-1D9C22384E3C}.AppStore|Mixed Platforms.Build.0 = Release|Any CPU
		{2B1A656E-03D7-409B-AC5B-1D9C22384E3C}.AppStore|Mixed Platforms.Deploy.0 = Release|Any CPU
		{2B1A656E-03D7-409B-AC5B-1D9C22384E3C}.AppStore|x86.ActiveCfg = Release|Any CPU
		{2B1A656E-03D7-409B-AC5B-1D9C22384E3C}.Debug|Any CPU.ActiveCfg = Debug|Any CPU
		{2B1A656E-03D7-409B-AC5B-1D9C22384E3C}.Debug|Any CPU.Build.0 = Debug|Any CPU
		{2B1A656E-03D7-409B-AC5B-1D9C22384E3C}.Debug|Any CPU.Deploy.0 = Debug|Any CPU
		{2B1A656E-03D7-409B-AC5B-1D9C22384E3C}.Debug|ARM.ActiveCfg = Debug|Any CPU
		{2B1A656E-03D7-409B-AC5B-1D9C22384E3C}.Debug|iPhone.ActiveCfg = Debug|Any CPU
		{2B1A656E-03D7-409B-AC5B-1D9C22384E3C}.Debug|iPhoneSimulator.ActiveCfg = Debug|Any CPU
		{2B1A656E-03D7-409B-AC5B-1D9C22384E3C}.Debug|Mixed Platforms.ActiveCfg = Debug|Any CPU
		{2B1A656E-03D7-409B-AC5B-1D9C22384E3C}.Debug|Mixed Platforms.Build.0 = Debug|Any CPU
		{2B1A656E-03D7-409B-AC5B-1D9C22384E3C}.Debug|Mixed Platforms.Deploy.0 = Debug|Any CPU
		{2B1A656E-03D7-409B-AC5B-1D9C22384E3C}.Debug|x86.ActiveCfg = Debug|Any CPU
		{2B1A656E-03D7-409B-AC5B-1D9C22384E3C}.Release|Any CPU.ActiveCfg = Release|Any CPU
		{2B1A656E-03D7-409B-AC5B-1D9C22384E3C}.Release|Any CPU.Build.0 = Release|Any CPU
		{2B1A656E-03D7-409B-AC5B-1D9C22384E3C}.Release|Any CPU.Deploy.0 = Release|Any CPU
		{2B1A656E-03D7-409B-AC5B-1D9C22384E3C}.Release|ARM.ActiveCfg = Release|Any CPU
		{2B1A656E-03D7-409B-AC5B-1D9C22384E3C}.Release|iPhone.ActiveCfg = Release|Any CPU
		{2B1A656E-03D7-409B-AC5B-1D9C22384E3C}.Release|iPhoneSimulator.ActiveCfg = Release|Any CPU
		{2B1A656E-03D7-409B-AC5B-1D9C22384E3C}.Release|Mixed Platforms.ActiveCfg = Release|Any CPU
		{2B1A656E-03D7-409B-AC5B-1D9C22384E3C}.Release|Mixed Platforms.Build.0 = Release|Any CPU
		{2B1A656E-03D7-409B-AC5B-1D9C22384E3C}.Release|Mixed Platforms.Deploy.0 = Release|Any CPU
		{2B1A656E-03D7-409B-AC5B-1D9C22384E3C}.Release|x86.ActiveCfg = Release|Any CPU
		{517441CC-4F18-4F6E-9E69-B09732865873}.Ad-Hoc|Any CPU.ActiveCfg = Release|Any CPU
		{517441CC-4F18-4F6E-9E69-B09732865873}.Ad-Hoc|Any CPU.Build.0 = Release|Any CPU
		{517441CC-4F18-4F6E-9E69-B09732865873}.Ad-Hoc|ARM.ActiveCfg = Release|Any CPU
		{517441CC-4F18-4F6E-9E69-B09732865873}.Ad-Hoc|iPhone.ActiveCfg = Release|Any CPU
		{517441CC-4F18-4F6E-9E69-B09732865873}.Ad-Hoc|iPhoneSimulator.ActiveCfg = Release|Any CPU
		{517441CC-4F18-4F6E-9E69-B09732865873}.Ad-Hoc|Mixed Platforms.ActiveCfg = Release|Any CPU
		{517441CC-4F18-4F6E-9E69-B09732865873}.Ad-Hoc|Mixed Platforms.Build.0 = Release|Any CPU
		{517441CC-4F18-4F6E-9E69-B09732865873}.Ad-Hoc|x86.ActiveCfg = Release|Any CPU
		{517441CC-4F18-4F6E-9E69-B09732865873}.AppStore|Any CPU.ActiveCfg = Release|Any CPU
		{517441CC-4F18-4F6E-9E69-B09732865873}.AppStore|Any CPU.Build.0 = Release|Any CPU
		{517441CC-4F18-4F6E-9E69-B09732865873}.AppStore|ARM.ActiveCfg = Release|Any CPU
		{517441CC-4F18-4F6E-9E69-B09732865873}.AppStore|iPhone.ActiveCfg = Release|Any CPU
		{517441CC-4F18-4F6E-9E69-B09732865873}.AppStore|iPhoneSimulator.ActiveCfg = Release|Any CPU
		{517441CC-4F18-4F6E-9E69-B09732865873}.AppStore|Mixed Platforms.ActiveCfg = Release|Any CPU
		{517441CC-4F18-4F6E-9E69-B09732865873}.AppStore|Mixed Platforms.Build.0 = Release|Any CPU
		{517441CC-4F18-4F6E-9E69-B09732865873}.AppStore|x86.ActiveCfg = Release|Any CPU
		{517441CC-4F18-4F6E-9E69-B09732865873}.Debug|Any CPU.ActiveCfg = Debug|Any CPU
		{517441CC-4F18-4F6E-9E69-B09732865873}.Debug|Any CPU.Build.0 = Debug|Any CPU
		{517441CC-4F18-4F6E-9E69-B09732865873}.Debug|ARM.ActiveCfg = Debug|Any CPU
		{517441CC-4F18-4F6E-9E69-B09732865873}.Debug|iPhone.ActiveCfg = Debug|Any CPU
		{517441CC-4F18-4F6E-9E69-B09732865873}.Debug|iPhoneSimulator.ActiveCfg = Debug|Any CPU
		{517441CC-4F18-4F6E-9E69-B09732865873}.Debug|Mixed Platforms.ActiveCfg = Debug|Any CPU
		{517441CC-4F18-4F6E-9E69-B09732865873}.Debug|Mixed Platforms.Build.0 = Debug|Any CPU
		{517441CC-4F18-4F6E-9E69-B09732865873}.Debug|x86.ActiveCfg = Debug|Any CPU
		{517441CC-4F18-4F6E-9E69-B09732865873}.Release|Any CPU.ActiveCfg = Release|Any CPU
		{517441CC-4F18-4F6E-9E69-B09732865873}.Release|Any CPU.Build.0 = Release|Any CPU
		{517441CC-4F18-4F6E-9E69-B09732865873}.Release|ARM.ActiveCfg = Release|Any CPU
		{517441CC-4F18-4F6E-9E69-B09732865873}.Release|iPhone.ActiveCfg = Release|Any CPU
		{517441CC-4F18-4F6E-9E69-B09732865873}.Release|iPhoneSimulator.ActiveCfg = Release|Any CPU
		{517441CC-4F18-4F6E-9E69-B09732865873}.Release|Mixed Platforms.ActiveCfg = Release|Any CPU
		{517441CC-4F18-4F6E-9E69-B09732865873}.Release|Mixed Platforms.Build.0 = Release|Any CPU
		{517441CC-4F18-4F6E-9E69-B09732865873}.Release|x86.ActiveCfg = Release|Any CPU
		{537B1BDD-06D2-4BDC-9A0A-4876886ADFA4}.Ad-Hoc|Any CPU.ActiveCfg = Ad-Hoc|iPhone
		{537B1BDD-06D2-4BDC-9A0A-4876886ADFA4}.Ad-Hoc|ARM.ActiveCfg = Ad-Hoc|iPhone
		{537B1BDD-06D2-4BDC-9A0A-4876886ADFA4}.Ad-Hoc|iPhone.ActiveCfg = Ad-Hoc|iPhone
		{537B1BDD-06D2-4BDC-9A0A-4876886ADFA4}.Ad-Hoc|iPhone.Build.0 = Ad-Hoc|iPhone
		{537B1BDD-06D2-4BDC-9A0A-4876886ADFA4}.Ad-Hoc|iPhoneSimulator.ActiveCfg = Ad-Hoc|iPhoneSimulator
		{537B1BDD-06D2-4BDC-9A0A-4876886ADFA4}.Ad-Hoc|iPhoneSimulator.Build.0 = Ad-Hoc|iPhoneSimulator
		{537B1BDD-06D2-4BDC-9A0A-4876886ADFA4}.Ad-Hoc|Mixed Platforms.ActiveCfg = Ad-Hoc|iPhone
		{537B1BDD-06D2-4BDC-9A0A-4876886ADFA4}.Ad-Hoc|Mixed Platforms.Build.0 = Ad-Hoc|iPhone
		{537B1BDD-06D2-4BDC-9A0A-4876886ADFA4}.Ad-Hoc|x86.ActiveCfg = Ad-Hoc|iPhone
		{537B1BDD-06D2-4BDC-9A0A-4876886ADFA4}.AppStore|Any CPU.ActiveCfg = AppStore|iPhone
		{537B1BDD-06D2-4BDC-9A0A-4876886ADFA4}.AppStore|ARM.ActiveCfg = AppStore|iPhone
		{537B1BDD-06D2-4BDC-9A0A-4876886ADFA4}.AppStore|iPhone.ActiveCfg = AppStore|iPhone
		{537B1BDD-06D2-4BDC-9A0A-4876886ADFA4}.AppStore|iPhone.Build.0 = AppStore|iPhone
		{537B1BDD-06D2-4BDC-9A0A-4876886ADFA4}.AppStore|iPhoneSimulator.ActiveCfg = AppStore|iPhoneSimulator
		{537B1BDD-06D2-4BDC-9A0A-4876886ADFA4}.AppStore|iPhoneSimulator.Build.0 = AppStore|iPhoneSimulator
		{537B1BDD-06D2-4BDC-9A0A-4876886ADFA4}.AppStore|Mixed Platforms.ActiveCfg = AppStore|iPhone
		{537B1BDD-06D2-4BDC-9A0A-4876886ADFA4}.AppStore|Mixed Platforms.Build.0 = AppStore|iPhone
		{537B1BDD-06D2-4BDC-9A0A-4876886ADFA4}.AppStore|x86.ActiveCfg = AppStore|iPhone
		{537B1BDD-06D2-4BDC-9A0A-4876886ADFA4}.Debug|Any CPU.ActiveCfg = Debug|iPhone
		{537B1BDD-06D2-4BDC-9A0A-4876886ADFA4}.Debug|ARM.ActiveCfg = Debug|iPhone
		{537B1BDD-06D2-4BDC-9A0A-4876886ADFA4}.Debug|iPhone.ActiveCfg = Debug|iPhone
		{537B1BDD-06D2-4BDC-9A0A-4876886ADFA4}.Debug|iPhone.Build.0 = Debug|iPhone
		{537B1BDD-06D2-4BDC-9A0A-4876886ADFA4}.Debug|iPhoneSimulator.ActiveCfg = Debug|iPhoneSimulator
		{537B1BDD-06D2-4BDC-9A0A-4876886ADFA4}.Debug|iPhoneSimulator.Build.0 = Debug|iPhoneSimulator
		{537B1BDD-06D2-4BDC-9A0A-4876886ADFA4}.Debug|Mixed Platforms.ActiveCfg = Debug|iPhone
		{537B1BDD-06D2-4BDC-9A0A-4876886ADFA4}.Debug|Mixed Platforms.Build.0 = Debug|iPhone
		{537B1BDD-06D2-4BDC-9A0A-4876886ADFA4}.Debug|x86.ActiveCfg = Debug|iPhone
		{537B1BDD-06D2-4BDC-9A0A-4876886ADFA4}.Release|Any CPU.ActiveCfg = Release|iPhone
		{537B1BDD-06D2-4BDC-9A0A-4876886ADFA4}.Release|ARM.ActiveCfg = Release|iPhone
		{537B1BDD-06D2-4BDC-9A0A-4876886ADFA4}.Release|iPhone.ActiveCfg = Release|iPhone
		{537B1BDD-06D2-4BDC-9A0A-4876886ADFA4}.Release|iPhone.Build.0 = Release|iPhone
		{537B1BDD-06D2-4BDC-9A0A-4876886ADFA4}.Release|iPhoneSimulator.ActiveCfg = Release|iPhoneSimulator
		{537B1BDD-06D2-4BDC-9A0A-4876886ADFA4}.Release|iPhoneSimulator.Build.0 = Release|iPhoneSimulator
		{537B1BDD-06D2-4BDC-9A0A-4876886ADFA4}.Release|Mixed Platforms.ActiveCfg = Release|iPhone
		{537B1BDD-06D2-4BDC-9A0A-4876886ADFA4}.Release|Mixed Platforms.Build.0 = Release|iPhone
		{537B1BDD-06D2-4BDC-9A0A-4876886ADFA4}.Release|x86.ActiveCfg = Release|iPhone
		{5503270F-A1FA-4C82-B2A9-FA83EEEAABA9}.Ad-Hoc|Any CPU.ActiveCfg = Ad-Hoc|iPhone
		{5503270F-A1FA-4C82-B2A9-FA83EEEAABA9}.Ad-Hoc|ARM.ActiveCfg = Ad-Hoc|iPhone
		{5503270F-A1FA-4C82-B2A9-FA83EEEAABA9}.Ad-Hoc|iPhone.ActiveCfg = Ad-Hoc|iPhone
		{5503270F-A1FA-4C82-B2A9-FA83EEEAABA9}.Ad-Hoc|iPhone.Build.0 = Ad-Hoc|iPhone
		{5503270F-A1FA-4C82-B2A9-FA83EEEAABA9}.Ad-Hoc|iPhoneSimulator.ActiveCfg = Ad-Hoc|iPhoneSimulator
		{5503270F-A1FA-4C82-B2A9-FA83EEEAABA9}.Ad-Hoc|iPhoneSimulator.Build.0 = Ad-Hoc|iPhoneSimulator
		{5503270F-A1FA-4C82-B2A9-FA83EEEAABA9}.Ad-Hoc|Mixed Platforms.ActiveCfg = Ad-Hoc|iPhone
		{5503270F-A1FA-4C82-B2A9-FA83EEEAABA9}.Ad-Hoc|Mixed Platforms.Build.0 = Ad-Hoc|iPhone
		{5503270F-A1FA-4C82-B2A9-FA83EEEAABA9}.Ad-Hoc|x86.ActiveCfg = Ad-Hoc|iPhone
		{5503270F-A1FA-4C82-B2A9-FA83EEEAABA9}.AppStore|Any CPU.ActiveCfg = AppStore|iPhone
		{5503270F-A1FA-4C82-B2A9-FA83EEEAABA9}.AppStore|ARM.ActiveCfg = AppStore|iPhone
		{5503270F-A1FA-4C82-B2A9-FA83EEEAABA9}.AppStore|iPhone.ActiveCfg = AppStore|iPhone
		{5503270F-A1FA-4C82-B2A9-FA83EEEAABA9}.AppStore|iPhone.Build.0 = AppStore|iPhone
		{5503270F-A1FA-4C82-B2A9-FA83EEEAABA9}.AppStore|iPhoneSimulator.ActiveCfg = AppStore|iPhoneSimulator
		{5503270F-A1FA-4C82-B2A9-FA83EEEAABA9}.AppStore|iPhoneSimulator.Build.0 = AppStore|iPhoneSimulator
		{5503270F-A1FA-4C82-B2A9-FA83EEEAABA9}.AppStore|Mixed Platforms.ActiveCfg = AppStore|iPhone
		{5503270F-A1FA-4C82-B2A9-FA83EEEAABA9}.AppStore|Mixed Platforms.Build.0 = AppStore|iPhone
		{5503270F-A1FA-4C82-B2A9-FA83EEEAABA9}.AppStore|x86.ActiveCfg = AppStore|iPhone
		{5503270F-A1FA-4C82-B2A9-FA83EEEAABA9}.Debug|Any CPU.ActiveCfg = Debug|iPhone
		{5503270F-A1FA-4C82-B2A9-FA83EEEAABA9}.Debug|ARM.ActiveCfg = Debug|iPhone
		{5503270F-A1FA-4C82-B2A9-FA83EEEAABA9}.Debug|iPhone.ActiveCfg = Debug|iPhone
		{5503270F-A1FA-4C82-B2A9-FA83EEEAABA9}.Debug|iPhone.Build.0 = Debug|iPhone
		{5503270F-A1FA-4C82-B2A9-FA83EEEAABA9}.Debug|iPhoneSimulator.ActiveCfg = Debug|iPhoneSimulator
		{5503270F-A1FA-4C82-B2A9-FA83EEEAABA9}.Debug|iPhoneSimulator.Build.0 = Debug|iPhoneSimulator
		{5503270F-A1FA-4C82-B2A9-FA83EEEAABA9}.Debug|Mixed Platforms.ActiveCfg = Debug|iPhone
		{5503270F-A1FA-4C82-B2A9-FA83EEEAABA9}.Debug|Mixed Platforms.Build.0 = Debug|iPhone
		{5503270F-A1FA-4C82-B2A9-FA83EEEAABA9}.Debug|x86.ActiveCfg = Debug|iPhone
		{5503270F-A1FA-4C82-B2A9-FA83EEEAABA9}.Release|Any CPU.ActiveCfg = Release|iPhone
		{5503270F-A1FA-4C82-B2A9-FA83EEEAABA9}.Release|ARM.ActiveCfg = Release|iPhone
		{5503270F-A1FA-4C82-B2A9-FA83EEEAABA9}.Release|iPhone.ActiveCfg = Release|iPhone
		{5503270F-A1FA-4C82-B2A9-FA83EEEAABA9}.Release|iPhone.Build.0 = Release|iPhone
		{5503270F-A1FA-4C82-B2A9-FA83EEEAABA9}.Release|iPhoneSimulator.ActiveCfg = Release|iPhoneSimulator
		{5503270F-A1FA-4C82-B2A9-FA83EEEAABA9}.Release|iPhoneSimulator.Build.0 = Release|iPhoneSimulator
		{5503270F-A1FA-4C82-B2A9-FA83EEEAABA9}.Release|Mixed Platforms.ActiveCfg = Release|iPhone
		{5503270F-A1FA-4C82-B2A9-FA83EEEAABA9}.Release|Mixed Platforms.Build.0 = Release|iPhone
		{5503270F-A1FA-4C82-B2A9-FA83EEEAABA9}.Release|x86.ActiveCfg = Release|iPhone
		{72833E97-7662-43D2-960D-31AFC42ED8BE}.Ad-Hoc|Any CPU.ActiveCfg = Release|Any CPU
		{72833E97-7662-43D2-960D-31AFC42ED8BE}.Ad-Hoc|Any CPU.Build.0 = Release|Any CPU
		{72833E97-7662-43D2-960D-31AFC42ED8BE}.Ad-Hoc|Any CPU.Deploy.0 = Release|Any CPU
		{72833E97-7662-43D2-960D-31AFC42ED8BE}.Ad-Hoc|ARM.ActiveCfg = Release|ARM
		{72833E97-7662-43D2-960D-31AFC42ED8BE}.Ad-Hoc|ARM.Build.0 = Release|ARM
		{72833E97-7662-43D2-960D-31AFC42ED8BE}.Ad-Hoc|ARM.Deploy.0 = Release|ARM
		{72833E97-7662-43D2-960D-31AFC42ED8BE}.Ad-Hoc|iPhone.ActiveCfg = Release|Any CPU
		{72833E97-7662-43D2-960D-31AFC42ED8BE}.Ad-Hoc|iPhoneSimulator.ActiveCfg = Release|Any CPU
		{72833E97-7662-43D2-960D-31AFC42ED8BE}.Ad-Hoc|Mixed Platforms.ActiveCfg = Release|x86
		{72833E97-7662-43D2-960D-31AFC42ED8BE}.Ad-Hoc|Mixed Platforms.Build.0 = Release|x86
		{72833E97-7662-43D2-960D-31AFC42ED8BE}.Ad-Hoc|Mixed Platforms.Deploy.0 = Release|x86
		{72833E97-7662-43D2-960D-31AFC42ED8BE}.Ad-Hoc|x86.ActiveCfg = Release|x86
		{72833E97-7662-43D2-960D-31AFC42ED8BE}.Ad-Hoc|x86.Build.0 = Release|x86
		{72833E97-7662-43D2-960D-31AFC42ED8BE}.Ad-Hoc|x86.Deploy.0 = Release|x86
		{72833E97-7662-43D2-960D-31AFC42ED8BE}.AppStore|Any CPU.ActiveCfg = Release|Any CPU
		{72833E97-7662-43D2-960D-31AFC42ED8BE}.AppStore|Any CPU.Build.0 = Release|Any CPU
		{72833E97-7662-43D2-960D-31AFC42ED8BE}.AppStore|Any CPU.Deploy.0 = Release|Any CPU
		{72833E97-7662-43D2-960D-31AFC42ED8BE}.AppStore|ARM.ActiveCfg = Release|ARM
		{72833E97-7662-43D2-960D-31AFC42ED8BE}.AppStore|ARM.Build.0 = Release|ARM
		{72833E97-7662-43D2-960D-31AFC42ED8BE}.AppStore|ARM.Deploy.0 = Release|ARM
		{72833E97-7662-43D2-960D-31AFC42ED8BE}.AppStore|iPhone.ActiveCfg = Release|Any CPU
		{72833E97-7662-43D2-960D-31AFC42ED8BE}.AppStore|iPhoneSimulator.ActiveCfg = Release|Any CPU
		{72833E97-7662-43D2-960D-31AFC42ED8BE}.AppStore|Mixed Platforms.ActiveCfg = Release|x86
		{72833E97-7662-43D2-960D-31AFC42ED8BE}.AppStore|Mixed Platforms.Build.0 = Release|x86
		{72833E97-7662-43D2-960D-31AFC42ED8BE}.AppStore|Mixed Platforms.Deploy.0 = Release|x86
		{72833E97-7662-43D2-960D-31AFC42ED8BE}.AppStore|x86.ActiveCfg = Release|x86
		{72833E97-7662-43D2-960D-31AFC42ED8BE}.AppStore|x86.Build.0 = Release|x86
		{72833E97-7662-43D2-960D-31AFC42ED8BE}.AppStore|x86.Deploy.0 = Release|x86
		{72833E97-7662-43D2-960D-31AFC42ED8BE}.Debug|Any CPU.ActiveCfg = Debug|Any CPU
		{72833E97-7662-43D2-960D-31AFC42ED8BE}.Debug|Any CPU.Build.0 = Debug|Any CPU
		{72833E97-7662-43D2-960D-31AFC42ED8BE}.Debug|Any CPU.Deploy.0 = Debug|Any CPU
		{72833E97-7662-43D2-960D-31AFC42ED8BE}.Debug|ARM.ActiveCfg = Debug|ARM
		{72833E97-7662-43D2-960D-31AFC42ED8BE}.Debug|ARM.Build.0 = Debug|ARM
		{72833E97-7662-43D2-960D-31AFC42ED8BE}.Debug|ARM.Deploy.0 = Debug|ARM
		{72833E97-7662-43D2-960D-31AFC42ED8BE}.Debug|iPhone.ActiveCfg = Debug|Any CPU
		{72833E97-7662-43D2-960D-31AFC42ED8BE}.Debug|iPhoneSimulator.ActiveCfg = Debug|Any CPU
		{72833E97-7662-43D2-960D-31AFC42ED8BE}.Debug|Mixed Platforms.ActiveCfg = Debug|x86
		{72833E97-7662-43D2-960D-31AFC42ED8BE}.Debug|Mixed Platforms.Build.0 = Debug|x86
		{72833E97-7662-43D2-960D-31AFC42ED8BE}.Debug|Mixed Platforms.Deploy.0 = Debug|x86
		{72833E97-7662-43D2-960D-31AFC42ED8BE}.Debug|x86.ActiveCfg = Debug|x86
		{72833E97-7662-43D2-960D-31AFC42ED8BE}.Debug|x86.Build.0 = Debug|x86
		{72833E97-7662-43D2-960D-31AFC42ED8BE}.Debug|x86.Deploy.0 = Debug|x86
		{72833E97-7662-43D2-960D-31AFC42ED8BE}.Release|Any CPU.ActiveCfg = Release|Any CPU
		{72833E97-7662-43D2-960D-31AFC42ED8BE}.Release|Any CPU.Build.0 = Release|Any CPU
		{72833E97-7662-43D2-960D-31AFC42ED8BE}.Release|Any CPU.Deploy.0 = Release|Any CPU
		{72833E97-7662-43D2-960D-31AFC42ED8BE}.Release|ARM.ActiveCfg = Release|ARM
		{72833E97-7662-43D2-960D-31AFC42ED8BE}.Release|ARM.Build.0 = Release|ARM
		{72833E97-7662-43D2-960D-31AFC42ED8BE}.Release|ARM.Deploy.0 = Release|ARM
		{72833E97-7662-43D2-960D-31AFC42ED8BE}.Release|iPhone.ActiveCfg = Release|Any CPU
		{72833E97-7662-43D2-960D-31AFC42ED8BE}.Release|iPhoneSimulator.ActiveCfg = Release|Any CPU
		{72833E97-7662-43D2-960D-31AFC42ED8BE}.Release|Mixed Platforms.ActiveCfg = Release|x86
		{72833E97-7662-43D2-960D-31AFC42ED8BE}.Release|Mixed Platforms.Build.0 = Release|x86
		{72833E97-7662-43D2-960D-31AFC42ED8BE}.Release|Mixed Platforms.Deploy.0 = Release|x86
		{72833E97-7662-43D2-960D-31AFC42ED8BE}.Release|x86.ActiveCfg = Release|x86
		{72833E97-7662-43D2-960D-31AFC42ED8BE}.Release|x86.Build.0 = Release|x86
		{72833E97-7662-43D2-960D-31AFC42ED8BE}.Release|x86.Deploy.0 = Release|x86
		{7D1ABCE2-88A1-424C-A0A9-3B01966142B8}.Ad-Hoc|Any CPU.ActiveCfg = Ad-Hoc|iPhone
		{7D1ABCE2-88A1-424C-A0A9-3B01966142B8}.Ad-Hoc|ARM.ActiveCfg = Ad-Hoc|iPhone
		{7D1ABCE2-88A1-424C-A0A9-3B01966142B8}.Ad-Hoc|iPhone.ActiveCfg = Ad-Hoc|iPhone
		{7D1ABCE2-88A1-424C-A0A9-3B01966142B8}.Ad-Hoc|iPhone.Build.0 = Ad-Hoc|iPhone
		{7D1ABCE2-88A1-424C-A0A9-3B01966142B8}.Ad-Hoc|iPhoneSimulator.ActiveCfg = Ad-Hoc|iPhoneSimulator
		{7D1ABCE2-88A1-424C-A0A9-3B01966142B8}.Ad-Hoc|iPhoneSimulator.Build.0 = Ad-Hoc|iPhoneSimulator
		{7D1ABCE2-88A1-424C-A0A9-3B01966142B8}.Ad-Hoc|Mixed Platforms.ActiveCfg = Ad-Hoc|iPhone
		{7D1ABCE2-88A1-424C-A0A9-3B01966142B8}.Ad-Hoc|Mixed Platforms.Build.0 = Ad-Hoc|iPhone
		{7D1ABCE2-88A1-424C-A0A9-3B01966142B8}.Ad-Hoc|x86.ActiveCfg = Ad-Hoc|iPhone
		{7D1ABCE2-88A1-424C-A0A9-3B01966142B8}.AppStore|Any CPU.ActiveCfg = AppStore|iPhone
		{7D1ABCE2-88A1-424C-A0A9-3B01966142B8}.AppStore|ARM.ActiveCfg = AppStore|iPhone
		{7D1ABCE2-88A1-424C-A0A9-3B01966142B8}.AppStore|iPhone.ActiveCfg = AppStore|iPhone
		{7D1ABCE2-88A1-424C-A0A9-3B01966142B8}.AppStore|iPhone.Build.0 = AppStore|iPhone
		{7D1ABCE2-88A1-424C-A0A9-3B01966142B8}.AppStore|iPhoneSimulator.ActiveCfg = AppStore|iPhoneSimulator
		{7D1ABCE2-88A1-424C-A0A9-3B01966142B8}.AppStore|iPhoneSimulator.Build.0 = AppStore|iPhoneSimulator
		{7D1ABCE2-88A1-424C-A0A9-3B01966142B8}.AppStore|Mixed Platforms.ActiveCfg = AppStore|iPhone
		{7D1ABCE2-88A1-424C-A0A9-3B01966142B8}.AppStore|Mixed Platforms.Build.0 = AppStore|iPhone
		{7D1ABCE2-88A1-424C-A0A9-3B01966142B8}.AppStore|x86.ActiveCfg = AppStore|iPhone
		{7D1ABCE2-88A1-424C-A0A9-3B01966142B8}.Debug|Any CPU.ActiveCfg = Debug|iPhone
		{7D1ABCE2-88A1-424C-A0A9-3B01966142B8}.Debug|ARM.ActiveCfg = Debug|iPhone
		{7D1ABCE2-88A1-424C-A0A9-3B01966142B8}.Debug|iPhone.ActiveCfg = Debug|iPhone
		{7D1ABCE2-88A1-424C-A0A9-3B01966142B8}.Debug|iPhone.Build.0 = Debug|iPhone
		{7D1ABCE2-88A1-424C-A0A9-3B01966142B8}.Debug|iPhoneSimulator.ActiveCfg = Debug|iPhoneSimulator
		{7D1ABCE2-88A1-424C-A0A9-3B01966142B8}.Debug|iPhoneSimulator.Build.0 = Debug|iPhoneSimulator
		{7D1ABCE2-88A1-424C-A0A9-3B01966142B8}.Debug|Mixed Platforms.ActiveCfg = Debug|iPhone
		{7D1ABCE2-88A1-424C-A0A9-3B01966142B8}.Debug|Mixed Platforms.Build.0 = Debug|iPhone
		{7D1ABCE2-88A1-424C-A0A9-3B01966142B8}.Debug|x86.ActiveCfg = Debug|iPhone
		{7D1ABCE2-88A1-424C-A0A9-3B01966142B8}.Release|Any CPU.ActiveCfg = Release|iPhone
		{7D1ABCE2-88A1-424C-A0A9-3B01966142B8}.Release|ARM.ActiveCfg = Release|iPhone
		{7D1ABCE2-88A1-424C-A0A9-3B01966142B8}.Release|iPhone.ActiveCfg = Release|iPhone
		{7D1ABCE2-88A1-424C-A0A9-3B01966142B8}.Release|iPhone.Build.0 = Release|iPhone
		{7D1ABCE2-88A1-424C-A0A9-3B01966142B8}.Release|iPhoneSimulator.ActiveCfg = Release|iPhoneSimulator
		{7D1ABCE2-88A1-424C-A0A9-3B01966142B8}.Release|iPhoneSimulator.Build.0 = Release|iPhoneSimulator
		{7D1ABCE2-88A1-424C-A0A9-3B01966142B8}.Release|Mixed Platforms.ActiveCfg = Release|iPhone
		{7D1ABCE2-88A1-424C-A0A9-3B01966142B8}.Release|Mixed Platforms.Build.0 = Release|iPhone
		{7D1ABCE2-88A1-424C-A0A9-3B01966142B8}.Release|x86.ActiveCfg = Release|iPhone
		{8D989C07-9002-4EA8-85F8-83457C978C66}.Ad-Hoc|Any CPU.ActiveCfg = Release|Any CPU
		{8D989C07-9002-4EA8-85F8-83457C978C66}.Ad-Hoc|Any CPU.Build.0 = Release|Any CPU
		{8D989C07-9002-4EA8-85F8-83457C978C66}.Ad-Hoc|ARM.ActiveCfg = Release|Any CPU
		{8D989C07-9002-4EA8-85F8-83457C978C66}.Ad-Hoc|ARM.Build.0 = Release|Any CPU
		{8D989C07-9002-4EA8-85F8-83457C978C66}.Ad-Hoc|iPhone.ActiveCfg = Release|Any CPU
		{8D989C07-9002-4EA8-85F8-83457C978C66}.Ad-Hoc|iPhone.Build.0 = Release|Any CPU
		{8D989C07-9002-4EA8-85F8-83457C978C66}.Ad-Hoc|iPhoneSimulator.ActiveCfg = Release|Any CPU
		{8D989C07-9002-4EA8-85F8-83457C978C66}.Ad-Hoc|iPhoneSimulator.Build.0 = Release|Any CPU
		{8D989C07-9002-4EA8-85F8-83457C978C66}.Ad-Hoc|Mixed Platforms.ActiveCfg = Release|Any CPU
		{8D989C07-9002-4EA8-85F8-83457C978C66}.Ad-Hoc|Mixed Platforms.Build.0 = Release|Any CPU
		{8D989C07-9002-4EA8-85F8-83457C978C66}.Ad-Hoc|x86.ActiveCfg = Release|Any CPU
		{8D989C07-9002-4EA8-85F8-83457C978C66}.Ad-Hoc|x86.Build.0 = Release|Any CPU
		{8D989C07-9002-4EA8-85F8-83457C978C66}.AppStore|Any CPU.ActiveCfg = Release|Any CPU
		{8D989C07-9002-4EA8-85F8-83457C978C66}.AppStore|Any CPU.Build.0 = Release|Any CPU
		{8D989C07-9002-4EA8-85F8-83457C978C66}.AppStore|ARM.ActiveCfg = Release|Any CPU
		{8D989C07-9002-4EA8-85F8-83457C978C66}.AppStore|ARM.Build.0 = Release|Any CPU
		{8D989C07-9002-4EA8-85F8-83457C978C66}.AppStore|iPhone.ActiveCfg = Release|Any CPU
		{8D989C07-9002-4EA8-85F8-83457C978C66}.AppStore|iPhone.Build.0 = Release|Any CPU
		{8D989C07-9002-4EA8-85F8-83457C978C66}.AppStore|iPhoneSimulator.ActiveCfg = Release|Any CPU
		{8D989C07-9002-4EA8-85F8-83457C978C66}.AppStore|iPhoneSimulator.Build.0 = Release|Any CPU
		{8D989C07-9002-4EA8-85F8-83457C978C66}.AppStore|Mixed Platforms.ActiveCfg = Release|Any CPU
		{8D989C07-9002-4EA8-85F8-83457C978C66}.AppStore|Mixed Platforms.Build.0 = Release|Any CPU
		{8D989C07-9002-4EA8-85F8-83457C978C66}.AppStore|x86.ActiveCfg = Release|Any CPU
		{8D989C07-9002-4EA8-85F8-83457C978C66}.AppStore|x86.Build.0 = Release|Any CPU
		{8D989C07-9002-4EA8-85F8-83457C978C66}.Debug|Any CPU.ActiveCfg = Debug|Any CPU
		{8D989C07-9002-4EA8-85F8-83457C978C66}.Debug|Any CPU.Build.0 = Debug|Any CPU
		{8D989C07-9002-4EA8-85F8-83457C978C66}.Debug|ARM.ActiveCfg = Debug|Any CPU
		{8D989C07-9002-4EA8-85F8-83457C978C66}.Debug|ARM.Build.0 = Debug|Any CPU
		{8D989C07-9002-4EA8-85F8-83457C978C66}.Debug|iPhone.ActiveCfg = Debug|Any CPU
		{8D989C07-9002-4EA8-85F8-83457C978C66}.Debug|iPhone.Build.0 = Debug|Any CPU
		{8D989C07-9002-4EA8-85F8-83457C978C66}.Debug|iPhoneSimulator.ActiveCfg = Debug|Any CPU
		{8D989C07-9002-4EA8-85F8-83457C978C66}.Debug|iPhoneSimulator.Build.0 = Debug|Any CPU
		{8D989C07-9002-4EA8-85F8-83457C978C66}.Debug|Mixed Platforms.ActiveCfg = Debug|Any CPU
		{8D989C07-9002-4EA8-85F8-83457C978C66}.Debug|Mixed Platforms.Build.0 = Debug|Any CPU
		{8D989C07-9002-4EA8-85F8-83457C978C66}.Debug|x86.ActiveCfg = Debug|Any CPU
		{8D989C07-9002-4EA8-85F8-83457C978C66}.Debug|x86.Build.0 = Debug|Any CPU
		{8D989C07-9002-4EA8-85F8-83457C978C66}.Release|Any CPU.ActiveCfg = Release|Any CPU
		{8D989C07-9002-4EA8-85F8-83457C978C66}.Release|Any CPU.Build.0 = Release|Any CPU
		{8D989C07-9002-4EA8-85F8-83457C978C66}.Release|ARM.ActiveCfg = Release|Any CPU
		{8D989C07-9002-4EA8-85F8-83457C978C66}.Release|ARM.Build.0 = Release|Any CPU
		{8D989C07-9002-4EA8-85F8-83457C978C66}.Release|iPhone.ActiveCfg = Release|Any CPU
		{8D989C07-9002-4EA8-85F8-83457C978C66}.Release|iPhone.Build.0 = Release|Any CPU
		{8D989C07-9002-4EA8-85F8-83457C978C66}.Release|iPhoneSimulator.ActiveCfg = Release|Any CPU
		{8D989C07-9002-4EA8-85F8-83457C978C66}.Release|iPhoneSimulator.Build.0 = Release|Any CPU
		{8D989C07-9002-4EA8-85F8-83457C978C66}.Release|Mixed Platforms.ActiveCfg = Release|Any CPU
		{8D989C07-9002-4EA8-85F8-83457C978C66}.Release|Mixed Platforms.Build.0 = Release|Any CPU
		{8D989C07-9002-4EA8-85F8-83457C978C66}.Release|x86.ActiveCfg = Release|Any CPU
		{8D989C07-9002-4EA8-85F8-83457C978C66}.Release|x86.Build.0 = Release|Any CPU
		{B02EC8D3-416C-48E1-BE00-9A58F6D5B3B3}.Ad-Hoc|Any CPU.ActiveCfg = Release|Any CPU
		{B02EC8D3-416C-48E1-BE00-9A58F6D5B3B3}.Ad-Hoc|Any CPU.Build.0 = Release|Any CPU
		{B02EC8D3-416C-48E1-BE00-9A58F6D5B3B3}.Ad-Hoc|Any CPU.Deploy.0 = Release|Any CPU
		{B02EC8D3-416C-48E1-BE00-9A58F6D5B3B3}.Ad-Hoc|ARM.ActiveCfg = Release|Any CPU
		{B02EC8D3-416C-48E1-BE00-9A58F6D5B3B3}.Ad-Hoc|iPhone.ActiveCfg = Release|Any CPU
		{B02EC8D3-416C-48E1-BE00-9A58F6D5B3B3}.Ad-Hoc|iPhoneSimulator.ActiveCfg = Release|Any CPU
		{B02EC8D3-416C-48E1-BE00-9A58F6D5B3B3}.Ad-Hoc|Mixed Platforms.ActiveCfg = Release|Any CPU
		{B02EC8D3-416C-48E1-BE00-9A58F6D5B3B3}.Ad-Hoc|Mixed Platforms.Build.0 = Release|Any CPU
		{B02EC8D3-416C-48E1-BE00-9A58F6D5B3B3}.Ad-Hoc|Mixed Platforms.Deploy.0 = Release|Any CPU
		{B02EC8D3-416C-48E1-BE00-9A58F6D5B3B3}.Ad-Hoc|x86.ActiveCfg = Release|Any CPU
		{B02EC8D3-416C-48E1-BE00-9A58F6D5B3B3}.AppStore|Any CPU.ActiveCfg = Release|Any CPU
		{B02EC8D3-416C-48E1-BE00-9A58F6D5B3B3}.AppStore|Any CPU.Build.0 = Release|Any CPU
		{B02EC8D3-416C-48E1-BE00-9A58F6D5B3B3}.AppStore|Any CPU.Deploy.0 = Release|Any CPU
		{B02EC8D3-416C-48E1-BE00-9A58F6D5B3B3}.AppStore|ARM.ActiveCfg = Release|Any CPU
		{B02EC8D3-416C-48E1-BE00-9A58F6D5B3B3}.AppStore|iPhone.ActiveCfg = Release|Any CPU
		{B02EC8D3-416C-48E1-BE00-9A58F6D5B3B3}.AppStore|iPhoneSimulator.ActiveCfg = Release|Any CPU
		{B02EC8D3-416C-48E1-BE00-9A58F6D5B3B3}.AppStore|Mixed Platforms.ActiveCfg = Release|Any CPU
		{B02EC8D3-416C-48E1-BE00-9A58F6D5B3B3}.AppStore|Mixed Platforms.Build.0 = Release|Any CPU
		{B02EC8D3-416C-48E1-BE00-9A58F6D5B3B3}.AppStore|Mixed Platforms.Deploy.0 = Release|Any CPU
		{B02EC8D3-416C-48E1-BE00-9A58F6D5B3B3}.AppStore|x86.ActiveCfg = Release|Any CPU
		{B02EC8D3-416C-48E1-BE00-9A58F6D5B3B3}.Debug|Any CPU.ActiveCfg = Debug|Any CPU
		{B02EC8D3-416C-48E1-BE00-9A58F6D5B3B3}.Debug|Any CPU.Build.0 = Debug|Any CPU
		{B02EC8D3-416C-48E1-BE00-9A58F6D5B3B3}.Debug|Any CPU.Deploy.0 = Debug|Any CPU
		{B02EC8D3-416C-48E1-BE00-9A58F6D5B3B3}.Debug|ARM.ActiveCfg = Debug|Any CPU
		{B02EC8D3-416C-48E1-BE00-9A58F6D5B3B3}.Debug|iPhone.ActiveCfg = Debug|Any CPU
		{B02EC8D3-416C-48E1-BE00-9A58F6D5B3B3}.Debug|iPhoneSimulator.ActiveCfg = Debug|Any CPU
		{B02EC8D3-416C-48E1-BE00-9A58F6D5B3B3}.Debug|Mixed Platforms.ActiveCfg = Debug|Any CPU
		{B02EC8D3-416C-48E1-BE00-9A58F6D5B3B3}.Debug|Mixed Platforms.Build.0 = Debug|Any CPU
		{B02EC8D3-416C-48E1-BE00-9A58F6D5B3B3}.Debug|Mixed Platforms.Deploy.0 = Debug|Any CPU
		{B02EC8D3-416C-48E1-BE00-9A58F6D5B3B3}.Debug|x86.ActiveCfg = Debug|Any CPU
		{B02EC8D3-416C-48E1-BE00-9A58F6D5B3B3}.Release|Any CPU.ActiveCfg = Release|Any CPU
		{B02EC8D3-416C-48E1-BE00-9A58F6D5B3B3}.Release|Any CPU.Build.0 = Release|Any CPU
		{B02EC8D3-416C-48E1-BE00-9A58F6D5B3B3}.Release|Any CPU.Deploy.0 = Release|Any CPU
		{B02EC8D3-416C-48E1-BE00-9A58F6D5B3B3}.Release|ARM.ActiveCfg = Release|Any CPU
		{B02EC8D3-416C-48E1-BE00-9A58F6D5B3B3}.Release|iPhone.ActiveCfg = Release|Any CPU
		{B02EC8D3-416C-48E1-BE00-9A58F6D5B3B3}.Release|iPhoneSimulator.ActiveCfg = Release|Any CPU
		{B02EC8D3-416C-48E1-BE00-9A58F6D5B3B3}.Release|Mixed Platforms.ActiveCfg = Release|Any CPU
		{B02EC8D3-416C-48E1-BE00-9A58F6D5B3B3}.Release|Mixed Platforms.Build.0 = Release|Any CPU
		{B02EC8D3-416C-48E1-BE00-9A58F6D5B3B3}.Release|Mixed Platforms.Deploy.0 = Release|Any CPU
		{B02EC8D3-416C-48E1-BE00-9A58F6D5B3B3}.Release|x86.ActiveCfg = Release|Any CPU
		{B7F81FA8-0ECB-4CBE-947F-4C94B0BDFE99}.Ad-Hoc|Any CPU.ActiveCfg = Ad-Hoc|iPhone
		{B7F81FA8-0ECB-4CBE-947F-4C94B0BDFE99}.Ad-Hoc|ARM.ActiveCfg = Ad-Hoc|iPhone
		{B7F81FA8-0ECB-4CBE-947F-4C94B0BDFE99}.Ad-Hoc|iPhone.ActiveCfg = Ad-Hoc|iPhone
		{B7F81FA8-0ECB-4CBE-947F-4C94B0BDFE99}.Ad-Hoc|iPhone.Build.0 = Ad-Hoc|iPhone
		{B7F81FA8-0ECB-4CBE-947F-4C94B0BDFE99}.Ad-Hoc|iPhoneSimulator.ActiveCfg = Ad-Hoc|iPhoneSimulator
		{B7F81FA8-0ECB-4CBE-947F-4C94B0BDFE99}.Ad-Hoc|iPhoneSimulator.Build.0 = Ad-Hoc|iPhoneSimulator
		{B7F81FA8-0ECB-4CBE-947F-4C94B0BDFE99}.Ad-Hoc|Mixed Platforms.ActiveCfg = Ad-Hoc|iPhone
		{B7F81FA8-0ECB-4CBE-947F-4C94B0BDFE99}.Ad-Hoc|Mixed Platforms.Build.0 = Ad-Hoc|iPhone
		{B7F81FA8-0ECB-4CBE-947F-4C94B0BDFE99}.Ad-Hoc|x86.ActiveCfg = Ad-Hoc|iPhone
		{B7F81FA8-0ECB-4CBE-947F-4C94B0BDFE99}.AppStore|Any CPU.ActiveCfg = AppStore|iPhone
		{B7F81FA8-0ECB-4CBE-947F-4C94B0BDFE99}.AppStore|ARM.ActiveCfg = AppStore|iPhone
		{B7F81FA8-0ECB-4CBE-947F-4C94B0BDFE99}.AppStore|iPhone.ActiveCfg = AppStore|iPhone
		{B7F81FA8-0ECB-4CBE-947F-4C94B0BDFE99}.AppStore|iPhone.Build.0 = AppStore|iPhone
		{B7F81FA8-0ECB-4CBE-947F-4C94B0BDFE99}.AppStore|iPhoneSimulator.ActiveCfg = AppStore|iPhoneSimulator
		{B7F81FA8-0ECB-4CBE-947F-4C94B0BDFE99}.AppStore|iPhoneSimulator.Build.0 = AppStore|iPhoneSimulator
		{B7F81FA8-0ECB-4CBE-947F-4C94B0BDFE99}.AppStore|Mixed Platforms.ActiveCfg = AppStore|iPhone
		{B7F81FA8-0ECB-4CBE-947F-4C94B0BDFE99}.AppStore|Mixed Platforms.Build.0 = AppStore|iPhone
		{B7F81FA8-0ECB-4CBE-947F-4C94B0BDFE99}.AppStore|x86.ActiveCfg = AppStore|iPhone
		{B7F81FA8-0ECB-4CBE-947F-4C94B0BDFE99}.Debug|Any CPU.ActiveCfg = Debug|iPhone
		{B7F81FA8-0ECB-4CBE-947F-4C94B0BDFE99}.Debug|ARM.ActiveCfg = Debug|iPhone
		{B7F81FA8-0ECB-4CBE-947F-4C94B0BDFE99}.Debug|iPhone.ActiveCfg = Debug|iPhone
		{B7F81FA8-0ECB-4CBE-947F-4C94B0BDFE99}.Debug|iPhone.Build.0 = Debug|iPhone
		{B7F81FA8-0ECB-4CBE-947F-4C94B0BDFE99}.Debug|iPhoneSimulator.ActiveCfg = Debug|iPhoneSimulator
		{B7F81FA8-0ECB-4CBE-947F-4C94B0BDFE99}.Debug|iPhoneSimulator.Build.0 = Debug|iPhoneSimulator
		{B7F81FA8-0ECB-4CBE-947F-4C94B0BDFE99}.Debug|Mixed Platforms.ActiveCfg = Debug|iPhone
		{B7F81FA8-0ECB-4CBE-947F-4C94B0BDFE99}.Debug|Mixed Platforms.Build.0 = Debug|iPhone
		{B7F81FA8-0ECB-4CBE-947F-4C94B0BDFE99}.Debug|x86.ActiveCfg = Debug|iPhone
		{B7F81FA8-0ECB-4CBE-947F-4C94B0BDFE99}.Release|Any CPU.ActiveCfg = Release|iPhone
		{B7F81FA8-0ECB-4CBE-947F-4C94B0BDFE99}.Release|ARM.ActiveCfg = Release|iPhone
		{B7F81FA8-0ECB-4CBE-947F-4C94B0BDFE99}.Release|iPhone.ActiveCfg = Release|iPhone
		{B7F81FA8-0ECB-4CBE-947F-4C94B0BDFE99}.Release|iPhone.Build.0 = Release|iPhone
		{B7F81FA8-0ECB-4CBE-947F-4C94B0BDFE99}.Release|iPhoneSimulator.ActiveCfg = Release|iPhoneSimulator
		{B7F81FA8-0ECB-4CBE-947F-4C94B0BDFE99}.Release|iPhoneSimulator.Build.0 = Release|iPhoneSimulator
		{B7F81FA8-0ECB-4CBE-947F-4C94B0BDFE99}.Release|Mixed Platforms.ActiveCfg = Release|iPhone
		{B7F81FA8-0ECB-4CBE-947F-4C94B0BDFE99}.Release|Mixed Platforms.Build.0 = Release|iPhone
		{B7F81FA8-0ECB-4CBE-947F-4C94B0BDFE99}.Release|x86.ActiveCfg = Release|iPhone
		{F5D6551E-6721-465A-B35F-06246D2625E2}.Ad-Hoc|Any CPU.ActiveCfg = Release|Any CPU
		{F5D6551E-6721-465A-B35F-06246D2625E2}.Ad-Hoc|Any CPU.Build.0 = Release|Any CPU
		{F5D6551E-6721-465A-B35F-06246D2625E2}.Ad-Hoc|ARM.ActiveCfg = Release|Any CPU
		{F5D6551E-6721-465A-B35F-06246D2625E2}.Ad-Hoc|iPhone.ActiveCfg = Release|Any CPU
		{F5D6551E-6721-465A-B35F-06246D2625E2}.Ad-Hoc|iPhoneSimulator.ActiveCfg = Release|Any CPU
		{F5D6551E-6721-465A-B35F-06246D2625E2}.Ad-Hoc|Mixed Platforms.ActiveCfg = Release|Any CPU
		{F5D6551E-6721-465A-B35F-06246D2625E2}.Ad-Hoc|Mixed Platforms.Build.0 = Release|Any CPU
		{F5D6551E-6721-465A-B35F-06246D2625E2}.Ad-Hoc|x86.ActiveCfg = Release|Any CPU
		{F5D6551E-6721-465A-B35F-06246D2625E2}.AppStore|Any CPU.ActiveCfg = Release|Any CPU
		{F5D6551E-6721-465A-B35F-06246D2625E2}.AppStore|Any CPU.Build.0 = Release|Any CPU
		{F5D6551E-6721-465A-B35F-06246D2625E2}.AppStore|ARM.ActiveCfg = Release|Any CPU
		{F5D6551E-6721-465A-B35F-06246D2625E2}.AppStore|iPhone.ActiveCfg = Release|Any CPU
		{F5D6551E-6721-465A-B35F-06246D2625E2}.AppStore|iPhoneSimulator.ActiveCfg = Release|Any CPU
		{F5D6551E-6721-465A-B35F-06246D2625E2}.AppStore|Mixed Platforms.ActiveCfg = Release|Any CPU
		{F5D6551E-6721-465A-B35F-06246D2625E2}.AppStore|Mixed Platforms.Build.0 = Release|Any CPU
		{F5D6551E-6721-465A-B35F-06246D2625E2}.AppStore|x86.ActiveCfg = Release|Any CPU
		{F5D6551E-6721-465A-B35F-06246D2625E2}.Debug|Any CPU.ActiveCfg = Debug|Any CPU
		{F5D6551E-6721-465A-B35F-06246D2625E2}.Debug|Any CPU.Build.0 = Debug|Any CPU
		{F5D6551E-6721-465A-B35F-06246D2625E2}.Debug|ARM.ActiveCfg = Debug|Any CPU
		{F5D6551E-6721-465A-B35F-06246D2625E2}.Debug|iPhone.ActiveCfg = Debug|Any CPU
		{F5D6551E-6721-465A-B35F-06246D2625E2}.Debug|iPhoneSimulator.ActiveCfg = Debug|Any CPU
		{F5D6551E-6721-465A-B35F-06246D2625E2}.Debug|Mixed Platforms.ActiveCfg = Debug|Any CPU
		{F5D6551E-6721-465A-B35F-06246D2625E2}.Debug|Mixed Platforms.Build.0 = Debug|Any CPU
		{F5D6551E-6721-465A-B35F-06246D2625E2}.Debug|x86.ActiveCfg = Debug|Any CPU
		{F5D6551E-6721-465A-B35F-06246D2625E2}.Release|Any CPU.ActiveCfg = Release|Any CPU
		{F5D6551E-6721-465A-B35F-06246D2625E2}.Release|Any CPU.Build.0 = Release|Any CPU
		{F5D6551E-6721-465A-B35F-06246D2625E2}.Release|ARM.ActiveCfg = Release|Any CPU
		{F5D6551E-6721-465A-B35F-06246D2625E2}.Release|iPhone.ActiveCfg = Release|Any CPU
		{F5D6551E-6721-465A-B35F-06246D2625E2}.Release|iPhoneSimulator.ActiveCfg = Release|Any CPU
		{F5D6551E-6721-465A-B35F-06246D2625E2}.Release|Mixed Platforms.ActiveCfg = Release|Any CPU
		{F5D6551E-6721-465A-B35F-06246D2625E2}.Release|Mixed Platforms.Build.0 = Release|Any CPU
		{F5D6551E-6721-465A-B35F-06246D2625E2}.Release|x86.ActiveCfg = Release|Any CPU
		{F924C9C9-E3ED-4D05-83FB-91F12646273A}.Ad-Hoc|Any CPU.ActiveCfg = Ad-Hoc|iPhone
		{F924C9C9-E3ED-4D05-83FB-91F12646273A}.Ad-Hoc|ARM.ActiveCfg = Ad-Hoc|iPhone
		{F924C9C9-E3ED-4D05-83FB-91F12646273A}.Ad-Hoc|iPhone.ActiveCfg = Ad-Hoc|iPhone
		{F924C9C9-E3ED-4D05-83FB-91F12646273A}.Ad-Hoc|iPhone.Build.0 = Ad-Hoc|iPhone
		{F924C9C9-E3ED-4D05-83FB-91F12646273A}.Ad-Hoc|iPhoneSimulator.ActiveCfg = Ad-Hoc|iPhoneSimulator
		{F924C9C9-E3ED-4D05-83FB-91F12646273A}.Ad-Hoc|iPhoneSimulator.Build.0 = Ad-Hoc|iPhoneSimulator
		{F924C9C9-E3ED-4D05-83FB-91F12646273A}.Ad-Hoc|Mixed Platforms.ActiveCfg = Ad-Hoc|iPhone
		{F924C9C9-E3ED-4D05-83FB-91F12646273A}.Ad-Hoc|Mixed Platforms.Build.0 = Ad-Hoc|iPhone
		{F924C9C9-E3ED-4D05-83FB-91F12646273A}.Ad-Hoc|x86.ActiveCfg = Ad-Hoc|iPhone
		{F924C9C9-E3ED-4D05-83FB-91F12646273A}.AppStore|Any CPU.ActiveCfg = AppStore|iPhone
		{F924C9C9-E3ED-4D05-83FB-91F12646273A}.AppStore|ARM.ActiveCfg = AppStore|iPhone
		{F924C9C9-E3ED-4D05-83FB-91F12646273A}.AppStore|iPhone.ActiveCfg = AppStore|iPhone
		{F924C9C9-E3ED-4D05-83FB-91F12646273A}.AppStore|iPhone.Build.0 = AppStore|iPhone
		{F924C9C9-E3ED-4D05-83FB-91F12646273A}.AppStore|iPhoneSimulator.ActiveCfg = AppStore|iPhoneSimulator
		{F924C9C9-E3ED-4D05-83FB-91F12646273A}.AppStore|iPhoneSimulator.Build.0 = AppStore|iPhoneSimulator
		{F924C9C9-E3ED-4D05-83FB-91F12646273A}.AppStore|Mixed Platforms.ActiveCfg = AppStore|iPhone
		{F924C9C9-E3ED-4D05-83FB-91F12646273A}.AppStore|Mixed Platforms.Build.0 = AppStore|iPhone
		{F924C9C9-E3ED-4D05-83FB-91F12646273A}.AppStore|x86.ActiveCfg = AppStore|iPhone
		{F924C9C9-E3ED-4D05-83FB-91F12646273A}.Debug|Any CPU.ActiveCfg = Debug|iPhone
		{F924C9C9-E3ED-4D05-83FB-91F12646273A}.Debug|ARM.ActiveCfg = Debug|iPhone
		{F924C9C9-E3ED-4D05-83FB-91F12646273A}.Debug|iPhone.ActiveCfg = Debug|iPhone
		{F924C9C9-E3ED-4D05-83FB-91F12646273A}.Debug|iPhone.Build.0 = Debug|iPhone
		{F924C9C9-E3ED-4D05-83FB-91F12646273A}.Debug|iPhoneSimulator.ActiveCfg = Debug|iPhoneSimulator
		{F924C9C9-E3ED-4D05-83FB-91F12646273A}.Debug|iPhoneSimulator.Build.0 = Debug|iPhoneSimulator
		{F924C9C9-E3ED-4D05-83FB-91F12646273A}.Debug|Mixed Platforms.ActiveCfg = Debug|iPhone
		{F924C9C9-E3ED-4D05-83FB-91F12646273A}.Debug|Mixed Platforms.Build.0 = Debug|iPhone
		{F924C9C9-E3ED-4D05-83FB-91F12646273A}.Debug|x86.ActiveCfg = Debug|iPhone
		{F924C9C9-E3ED-4D05-83FB-91F12646273A}.Release|Any CPU.ActiveCfg = Release|iPhone
		{F924C9C9-E3ED-4D05-83FB-91F12646273A}.Release|ARM.ActiveCfg = Release|iPhone
		{F924C9C9-E3ED-4D05-83FB-91F12646273A}.Release|iPhone.ActiveCfg = Release|iPhone
		{F924C9C9-E3ED-4D05-83FB-91F12646273A}.Release|iPhone.Build.0 = Release|iPhone
		{F924C9C9-E3ED-4D05-83FB-91F12646273A}.Release|iPhoneSimulator.ActiveCfg = Release|iPhoneSimulator
		{F924C9C9-E3ED-4D05-83FB-91F12646273A}.Release|iPhoneSimulator.Build.0 = Release|iPhoneSimulator
		{F924C9C9-E3ED-4D05-83FB-91F12646273A}.Release|Mixed Platforms.ActiveCfg = Release|iPhone
		{F924C9C9-E3ED-4D05-83FB-91F12646273A}.Release|Mixed Platforms.Build.0 = Release|iPhone
		{F924C9C9-E3ED-4D05-83FB-91F12646273A}.Release|x86.ActiveCfg = Release|iPhone
		{FC5179F7-B20F-4D6C-891A-EEB53B7FC29F}.Ad-Hoc|Any CPU.ActiveCfg = Release|Any CPU
		{FC5179F7-B20F-4D6C-891A-EEB53B7FC29F}.Ad-Hoc|Any CPU.Build.0 = Release|Any CPU
		{FC5179F7-B20F-4D6C-891A-EEB53B7FC29F}.Ad-Hoc|Any CPU.Deploy.0 = Release|Any CPU
		{FC5179F7-B20F-4D6C-891A-EEB53B7FC29F}.Ad-Hoc|ARM.ActiveCfg = Release|ARM
		{FC5179F7-B20F-4D6C-891A-EEB53B7FC29F}.Ad-Hoc|ARM.Build.0 = Release|ARM
		{FC5179F7-B20F-4D6C-891A-EEB53B7FC29F}.Ad-Hoc|ARM.Deploy.0 = Release|ARM
		{FC5179F7-B20F-4D6C-891A-EEB53B7FC29F}.Ad-Hoc|iPhone.ActiveCfg = Release|Any CPU
		{FC5179F7-B20F-4D6C-891A-EEB53B7FC29F}.Ad-Hoc|iPhoneSimulator.ActiveCfg = Release|Any CPU
		{FC5179F7-B20F-4D6C-891A-EEB53B7FC29F}.Ad-Hoc|Mixed Platforms.ActiveCfg = Release|x86
		{FC5179F7-B20F-4D6C-891A-EEB53B7FC29F}.Ad-Hoc|Mixed Platforms.Build.0 = Release|x86
		{FC5179F7-B20F-4D6C-891A-EEB53B7FC29F}.Ad-Hoc|Mixed Platforms.Deploy.0 = Release|x86
		{FC5179F7-B20F-4D6C-891A-EEB53B7FC29F}.Ad-Hoc|x86.ActiveCfg = Release|x86
		{FC5179F7-B20F-4D6C-891A-EEB53B7FC29F}.Ad-Hoc|x86.Build.0 = Release|x86
		{FC5179F7-B20F-4D6C-891A-EEB53B7FC29F}.Ad-Hoc|x86.Deploy.0 = Release|x86
		{FC5179F7-B20F-4D6C-891A-EEB53B7FC29F}.AppStore|Any CPU.ActiveCfg = Release|Any CPU
		{FC5179F7-B20F-4D6C-891A-EEB53B7FC29F}.AppStore|Any CPU.Build.0 = Release|Any CPU
		{FC5179F7-B20F-4D6C-891A-EEB53B7FC29F}.AppStore|Any CPU.Deploy.0 = Release|Any CPU
		{FC5179F7-B20F-4D6C-891A-EEB53B7FC29F}.AppStore|ARM.ActiveCfg = Release|ARM
		{FC5179F7-B20F-4D6C-891A-EEB53B7FC29F}.AppStore|ARM.Build.0 = Release|ARM
		{FC5179F7-B20F-4D6C-891A-EEB53B7FC29F}.AppStore|ARM.Deploy.0 = Release|ARM
		{FC5179F7-B20F-4D6C-891A-EEB53B7FC29F}.AppStore|iPhone.ActiveCfg = Release|Any CPU
		{FC5179F7-B20F-4D6C-891A-EEB53B7FC29F}.AppStore|iPhoneSimulator.ActiveCfg = Release|Any CPU
		{FC5179F7-B20F-4D6C-891A-EEB53B7FC29F}.AppStore|Mixed Platforms.ActiveCfg = Release|x86
		{FC5179F7-B20F-4D6C-891A-EEB53B7FC29F}.AppStore|Mixed Platforms.Build.0 = Release|x86
		{FC5179F7-B20F-4D6C-891A-EEB53B7FC29F}.AppStore|Mixed Platforms.Deploy.0 = Release|x86
		{FC5179F7-B20F-4D6C-891A-EEB53B7FC29F}.AppStore|x86.ActiveCfg = Release|x86
		{FC5179F7-B20F-4D6C-891A-EEB53B7FC29F}.AppStore|x86.Build.0 = Release|x86
		{FC5179F7-B20F-4D6C-891A-EEB53B7FC29F}.AppStore|x86.Deploy.0 = Release|x86
		{FC5179F7-B20F-4D6C-891A-EEB53B7FC29F}.Debug|Any CPU.ActiveCfg = Debug|Any CPU
		{FC5179F7-B20F-4D6C-891A-EEB53B7FC29F}.Debug|Any CPU.Build.0 = Debug|Any CPU
		{FC5179F7-B20F-4D6C-891A-EEB53B7FC29F}.Debug|Any CPU.Deploy.0 = Debug|Any CPU
		{FC5179F7-B20F-4D6C-891A-EEB53B7FC29F}.Debug|ARM.ActiveCfg = Debug|ARM
		{FC5179F7-B20F-4D6C-891A-EEB53B7FC29F}.Debug|ARM.Build.0 = Debug|ARM
		{FC5179F7-B20F-4D6C-891A-EEB53B7FC29F}.Debug|ARM.Deploy.0 = Debug|ARM
		{FC5179F7-B20F-4D6C-891A-EEB53B7FC29F}.Debug|iPhone.ActiveCfg = Debug|Any CPU
		{FC5179F7-B20F-4D6C-891A-EEB53B7FC29F}.Debug|iPhoneSimulator.ActiveCfg = Debug|Any CPU
		{FC5179F7-B20F-4D6C-891A-EEB53B7FC29F}.Debug|Mixed Platforms.ActiveCfg = Debug|x86
		{FC5179F7-B20F-4D6C-891A-EEB53B7FC29F}.Debug|Mixed Platforms.Build.0 = Debug|x86
		{FC5179F7-B20F-4D6C-891A-EEB53B7FC29F}.Debug|Mixed Platforms.Deploy.0 = Debug|x86
		{FC5179F7-B20F-4D6C-891A-EEB53B7FC29F}.Debug|x86.ActiveCfg = Debug|x86
		{FC5179F7-B20F-4D6C-891A-EEB53B7FC29F}.Debug|x86.Build.0 = Debug|x86
		{FC5179F7-B20F-4D6C-891A-EEB53B7FC29F}.Debug|x86.Deploy.0 = Debug|x86
		{FC5179F7-B20F-4D6C-891A-EEB53B7FC29F}.Release|Any CPU.ActiveCfg = Release|Any CPU
		{FC5179F7-B20F-4D6C-891A-EEB53B7FC29F}.Release|Any CPU.Build.0 = Release|Any CPU
		{FC5179F7-B20F-4D6C-891A-EEB53B7FC29F}.Release|Any CPU.Deploy.0 = Release|Any CPU
		{FC5179F7-B20F-4D6C-891A-EEB53B7FC29F}.Release|ARM.ActiveCfg = Release|ARM
		{FC5179F7-B20F-4D6C-891A-EEB53B7FC29F}.Release|ARM.Build.0 = Release|ARM
		{FC5179F7-B20F-4D6C-891A-EEB53B7FC29F}.Release|ARM.Deploy.0 = Release|ARM
		{FC5179F7-B20F-4D6C-891A-EEB53B7FC29F}.Release|iPhone.ActiveCfg = Release|Any CPU
		{FC5179F7-B20F-4D6C-891A-EEB53B7FC29F}.Release|iPhoneSimulator.ActiveCfg = Release|Any CPU
		{FC5179F7-B20F-4D6C-891A-EEB53B7FC29F}.Release|Mixed Platforms.ActiveCfg = Release|x86
		{FC5179F7-B20F-4D6C-891A-EEB53B7FC29F}.Release|Mixed Platforms.Build.0 = Release|x86
		{FC5179F7-B20F-4D6C-891A-EEB53B7FC29F}.Release|Mixed Platforms.Deploy.0 = Release|x86
		{FC5179F7-B20F-4D6C-891A-EEB53B7FC29F}.Release|x86.ActiveCfg = Release|x86
		{FC5179F7-B20F-4D6C-891A-EEB53B7FC29F}.Release|x86.Build.0 = Release|x86
		{FC5179F7-B20F-4D6C-891A-EEB53B7FC29F}.Release|x86.Deploy.0 = Release|x86
		{FEF75F19-06FD-4081-AFD1-38242659B333}.Ad-Hoc|Any CPU.ActiveCfg = Ad-Hoc|iPhone
		{FEF75F19-06FD-4081-AFD1-38242659B333}.Ad-Hoc|ARM.ActiveCfg = Ad-Hoc|iPhone
		{FEF75F19-06FD-4081-AFD1-38242659B333}.Ad-Hoc|iPhone.ActiveCfg = Ad-Hoc|iPhone
		{FEF75F19-06FD-4081-AFD1-38242659B333}.Ad-Hoc|iPhone.Build.0 = Ad-Hoc|iPhone
		{FEF75F19-06FD-4081-AFD1-38242659B333}.Ad-Hoc|iPhoneSimulator.ActiveCfg = Ad-Hoc|iPhoneSimulator
		{FEF75F19-06FD-4081-AFD1-38242659B333}.Ad-Hoc|iPhoneSimulator.Build.0 = Ad-Hoc|iPhoneSimulator
		{FEF75F19-06FD-4081-AFD1-38242659B333}.Ad-Hoc|Mixed Platforms.ActiveCfg = Ad-Hoc|iPhone
		{FEF75F19-06FD-4081-AFD1-38242659B333}.Ad-Hoc|Mixed Platforms.Build.0 = Ad-Hoc|iPhone
		{FEF75F19-06FD-4081-AFD1-38242659B333}.Ad-Hoc|x86.ActiveCfg = Ad-Hoc|iPhone
		{FEF75F19-06FD-4081-AFD1-38242659B333}.AppStore|Any CPU.ActiveCfg = AppStore|iPhone
		{FEF75F19-06FD-4081-AFD1-38242659B333}.AppStore|ARM.ActiveCfg = AppStore|iPhone
		{FEF75F19-06FD-4081-AFD1-38242659B333}.AppStore|iPhone.ActiveCfg = AppStore|iPhone
		{FEF75F19-06FD-4081-AFD1-38242659B333}.AppStore|iPhone.Build.0 = AppStore|iPhone
		{FEF75F19-06FD-4081-AFD1-38242659B333}.AppStore|iPhoneSimulator.ActiveCfg = AppStore|iPhoneSimulator
		{FEF75F19-06FD-4081-AFD1-38242659B333}.AppStore|iPhoneSimulator.Build.0 = AppStore|iPhoneSimulator
		{FEF75F19-06FD-4081-AFD1-38242659B333}.AppStore|Mixed Platforms.ActiveCfg = AppStore|iPhone
		{FEF75F19-06FD-4081-AFD1-38242659B333}.AppStore|Mixed Platforms.Build.0 = AppStore|iPhone
		{FEF75F19-06FD-4081-AFD1-38242659B333}.AppStore|x86.ActiveCfg = AppStore|iPhone
		{FEF75F19-06FD-4081-AFD1-38242659B333}.Debug|Any CPU.ActiveCfg = Debug|iPhone
		{FEF75F19-06FD-4081-AFD1-38242659B333}.Debug|ARM.ActiveCfg = Debug|iPhone
		{FEF75F19-06FD-4081-AFD1-38242659B333}.Debug|iPhone.ActiveCfg = Debug|iPhone
		{FEF75F19-06FD-4081-AFD1-38242659B333}.Debug|iPhone.Build.0 = Debug|iPhone
		{FEF75F19-06FD-4081-AFD1-38242659B333}.Debug|iPhoneSimulator.ActiveCfg = Debug|iPhoneSimulator
		{FEF75F19-06FD-4081-AFD1-38242659B333}.Debug|iPhoneSimulator.Build.0 = Debug|iPhoneSimulator
		{FEF75F19-06FD-4081-AFD1-38242659B333}.Debug|Mixed Platforms.ActiveCfg = Debug|iPhone
		{FEF75F19-06FD-4081-AFD1-38242659B333}.Debug|Mixed Platforms.Build.0 = Debug|iPhone
		{FEF75F19-06FD-4081-AFD1-38242659B333}.Debug|x86.ActiveCfg = Debug|iPhone
		{FEF75F19-06FD-4081-AFD1-38242659B333}.Release|Any CPU.ActiveCfg = Release|iPhone
		{FEF75F19-06FD-4081-AFD1-38242659B333}.Release|ARM.ActiveCfg = Release|iPhone
		{FEF75F19-06FD-4081-AFD1-38242659B333}.Release|iPhone.ActiveCfg = Release|iPhone
		{FEF75F19-06FD-4081-AFD1-38242659B333}.Release|iPhone.Build.0 = Release|iPhone
		{FEF75F19-06FD-4081-AFD1-38242659B333}.Release|iPhoneSimulator.ActiveCfg = Release|iPhoneSimulator
		{FEF75F19-06FD-4081-AFD1-38242659B333}.Release|iPhoneSimulator.Build.0 = Release|iPhoneSimulator
		{FEF75F19-06FD-4081-AFD1-38242659B333}.Release|Mixed Platforms.ActiveCfg = Release|iPhone
		{FEF75F19-06FD-4081-AFD1-38242659B333}.Release|Mixed Platforms.Build.0 = Release|iPhone
		{FEF75F19-06FD-4081-AFD1-38242659B333}.Release|x86.ActiveCfg = Release|iPhone
	EndGlobalSection
	GlobalSection(NestedProjects) = preSolution
		{B02EC8D3-416C-48E1-BE00-9A58F6D5B3B3} = {34576B00-E056-4EC7-85D1-A9F34EBCD494}
		{B7F81FA8-0ECB-4CBE-947F-4C94B0BDFE99} = {34576B00-E056-4EC7-85D1-A9F34EBCD494}
		{FC5179F7-B20F-4D6C-891A-EEB53B7FC29F} = {34576B00-E056-4EC7-85D1-A9F34EBCD494}
		{5218E642-CC01-4FF7-8AC3-D2DC32E1242F} = {34576B00-E056-4EC7-85D1-A9F34EBCD494}
		{5A96CC3B-379B-48A7-9E68-9070A82E889A} = {34576B00-E056-4EC7-85D1-A9F34EBCD494}
		{5503270F-A1FA-4C82-B2A9-FA83EEEAABA9} = {5218E642-CC01-4FF7-8AC3-D2DC32E1242F}
		{7D1ABCE2-88A1-424C-A0A9-3B01966142B8} = {5218E642-CC01-4FF7-8AC3-D2DC32E1242F}
		{8D989C07-9002-4EA8-85F8-83457C978C66} = {5A96CC3B-379B-48A7-9E68-9070A82E889A}
		{F5D6551E-6721-465A-B35F-06246D2625E2} = {02F01DBE-A829-44EF-A478-976C073CE3C4}
		{FEF75F19-06FD-4081-AFD1-38242659B333} = {02F01DBE-A829-44EF-A478-976C073CE3C4}
		{2B1A656E-03D7-409B-AC5B-1D9C22384E3C} = {02F01DBE-A829-44EF-A478-976C073CE3C4}
		{72833E97-7662-43D2-960D-31AFC42ED8BE} = {02F01DBE-A829-44EF-A478-976C073CE3C4}
		{B3368F38-D6D1-4912-831A-2A497CE0A967} = {02F01DBE-A829-44EF-A478-976C073CE3C4}
		{537B1BDD-06D2-4BDC-9A0A-4876886ADFA4} = {B3368F38-D6D1-4912-831A-2A497CE0A967}
		{F924C9C9-E3ED-4D05-83FB-91F12646273A} = {B3368F38-D6D1-4912-831A-2A497CE0A967}
		{517441CC-4F18-4F6E-9E69-B09732865873} = {827E2C6C-5ADC-40E2-A428-701A92CC194C}
	EndGlobalSection
	GlobalSection(SolutionProperties) = preSolution
		HideSolutionNode = FALSE
	EndGlobalSection
EndGlobal
